
Microsoft Visual Studio Solution File, Format Version 12.00
# Visual Studio Version 16
VisualStudioVersion = 16.0.29318.209
MinimumVisualStudioVersion = 10.0.40219.1
Project("{FAE04EC0-301F-11D3-BF4B-00C04F79EFBC}") = "WebApi", "WebApi\WebApi.csproj", "{03F7B87A-35B8-4411-8AD9-9D070A7960BD}"
EndProject
Project("{FAE04EC0-301F-11D3-BF4B-00C04F79EFBC}") = "ApiConsumerWebApp", "ApiConsumerWebApp\ApiConsumerWebApp.csproj", "{95B875E9-AABA-4D96-AFCB-A736649D566B}"
EndProject
Global
	GlobalSection(SolutionConfigurationPlatforms) = preSolution
		Debug|Any CPU = Debug|Any CPU
		Release|Any CPU = Release|Any CPU
	EndGlobalSection
	GlobalSection(ProjectConfigurationPlatforms) = postSolution
		{03F7B87A-35B8-4411-8AD9-9D070A7960BD}.Debug|Any CPU.ActiveCfg = Debug|Any CPU
		{03F7B87A-35B8-4411-8AD9-9D070A7960BD}.Debug|Any CPU.Build.0 = Debug|Any CPU
		{03F7B87A-35B8-4411-8AD9-9D070A7960BD}.Release|Any CPU.ActiveCfg = Release|Any CPU
		{03F7B87A-35B8-4411-8AD9-9D070A7960BD}.Release|Any CPU.Build.0 = Release|Any CPU
		{95B875E9-AABA-4D96-AFCB-A736649D566B}.Debug|Any CPU.ActiveCfg = Debug|Any CPU
		{95B875E9-AABA-4D96-AFCB-A736649D566B}.Debug|Any CPU.Build.0 = Debug|Any CPU
		{95B875E9-AABA-4D96-AFCB-A736649D566B}.Release|Any CPU.ActiveCfg = Release|Any CPU
		{95B875E9-AABA-4D96-AFCB-A736649D566B}.Release|Any CPU.Build.0 = Release|Any CPU
	EndGlobalSection
	GlobalSection(SolutionProperties) = preSolution
		HideSolutionNode = FALSE
	EndGlobalSection
	GlobalSection(ExtensibilityGlobals) = postSolution
		SolutionGuid = {D69B1D56-7821-4D75-9127-2836EF768C34}
	EndGlobalSection
EndGlobal
